
Microsoft Visual Studio Solution File, Format Version 12.00
# Visual Studio 15
VisualStudioVersion = 15.0.28307.852
MinimumVisualStudioVersion = 10.0.40219.1
Project("{FAE04EC0-301F-11D3-BF4B-00C04F79EFBC}") = "OneSolutionService", "OneSolutionService\OneSolutionService.csproj", "{481B82A0-024B-42FE-8855-1781F5EB8B3D}"
EndProject
Project("{FAE04EC0-301F-11D3-BF4B-00C04F79EFBC}") = "OneSolutionService.Tests", "OneSolutionService.Tests\OneSolutionService.Tests.csproj", "{00BE69DD-A848-4382-B751-DC342DB6BA37}"
EndProject
Project("{FAE04EC0-301F-11D3-BF4B-00C04F79EFBC}") = "MvcWebApplication", "MvcWebApplication\MvcWebApplication.csproj", "{60EBF16D-4799-4522-9ECA-8331611FEF38}"
EndProject
Project("{FAE04EC0-301F-11D3-BF4B-00C04F79EFBC}") = "MvcWebApplication.Tests", "MvcWebApplication.Tests\MvcWebApplication.Tests.csproj", "{18C56011-5EB7-4F58-B3EA-02E7B07B7384}"
EndProject
Global
	GlobalSection(SolutionConfigurationPlatforms) = preSolution
		Debug|Any CPU = Debug|Any CPU
		Release|Any CPU = Release|Any CPU
	EndGlobalSection
	GlobalSection(ProjectConfigurationPlatforms) = postSolution
		{481B82A0-024B-42FE-8855-1781F5EB8B3D}.Debug|Any CPU.ActiveCfg = Debug|Any CPU
		{481B82A0-024B-42FE-8855-1781F5EB8B3D}.Debug|Any CPU.Build.0 = Debug|Any CPU
		{481B82A0-024B-42FE-8855-1781F5EB8B3D}.Release|Any CPU.ActiveCfg = Release|Any CPU
		{481B82A0-024B-42FE-8855-1781F5EB8B3D}.Release|Any CPU.Build.0 = Release|Any CPU
		{00BE69DD-A848-4382-B751-DC342DB6BA37}.Debug|Any CPU.ActiveCfg = Debug|Any CPU
		{00BE69DD-A848-4382-B751-DC342DB6BA37}.Debug|Any CPU.Build.0 = Debug|Any CPU
		{00BE69DD-A848-4382-B751-DC342DB6BA37}.Release|Any CPU.ActiveCfg = Release|Any CPU
		{00BE69DD-A848-4382-B751-DC342DB6BA37}.Release|Any CPU.Build.0 = Release|Any CPU
		{60EBF16D-4799-4522-9ECA-8331611FEF38}.Debug|Any CPU.ActiveCfg = Debug|Any CPU
		{60EBF16D-4799-4522-9ECA-8331611FEF38}.Debug|Any CPU.Build.0 = Debug|Any CPU
		{60EBF16D-4799-4522-9ECA-8331611FEF38}.Release|Any CPU.ActiveCfg = Release|Any CPU
		{60EBF16D-4799-4522-9ECA-8331611FEF38}.Release|Any CPU.Build.0 = Release|Any CPU
		{18C56011-5EB7-4F58-B3EA-02E7B07B7384}.Debug|Any CPU.ActiveCfg = Debug|Any CPU
		{18C56011-5EB7-4F58-B3EA-02E7B07B7384}.Debug|Any CPU.Build.0 = Debug|Any CPU
		{18C56011-5EB7-4F58-B3EA-02E7B07B7384}.Release|Any CPU.ActiveCfg = Release|Any CPU
		{18C56011-5EB7-4F58-B3EA-02E7B07B7384}.Release|Any CPU.Build.0 = Release|Any CPU
	EndGlobalSection
	GlobalSection(SolutionProperties) = preSolution
		HideSolutionNode = FALSE
	EndGlobalSection
	GlobalSection(ExtensibilityGlobals) = postSolution
		SolutionGuid = {81A43761-5D6B-4F29-854F-06FE093381BC}
	EndGlobalSection
EndGlobal
